
Microsoft Visual Studio Solution File, Format Version 12.00
# Visual Studio Version 17
VisualStudioVersion = 17.6.33801.468
MinimumVisualStudioVersion = 10.0.40219.1
Project("{FAE04EC0-301F-11D3-BF4B-00C04F79EFBC}") = "ProyectoSitiosWeb", "ProyectoSitiosWeb\ProyectoSitiosWeb.csproj", "{8EA9CD58-ED73-4AC8-B7CF-3BB6AB00FEFE}"
EndProject
Global
	GlobalSection(SolutionConfigurationPlatforms) = preSolution
		Debug|Any CPU = Debug|Any CPU
		Release|Any CPU = Release|Any CPU
	EndGlobalSection
	GlobalSection(ProjectConfigurationPlatforms) = postSolution
		{8EA9CD58-ED73-4AC8-B7CF-3BB6AB00FEFE}.Debug|Any CPU.ActiveCfg = Debug|Any CPU
		{8EA9CD58-ED73-4AC8-B7CF-3BB6AB00FEFE}.Debug|Any CPU.Build.0 = Debug|Any CPU
		{8EA9CD58-ED73-4AC8-B7CF-3BB6AB00FEFE}.Release|Any CPU.ActiveCfg = Release|Any CPU
		{8EA9CD58-ED73-4AC8-B7CF-3BB6AB00FEFE}.Release|Any CPU.Build.0 = Release|Any CPU
	EndGlobalSection
	GlobalSection(SolutionProperties) = preSolution
		HideSolutionNode = FALSE
	EndGlobalSection
	GlobalSection(ExtensibilityGlobals) = postSolution
		SolutionGuid = {8B84E97F-1024-45F3-B567-383395D8DDE0}
	EndGlobalSection
EndGlobal
